
Microsoft Visual Studio Solution File, Format Version 12.00
# Visual Studio Version 16
VisualStudioVersion = 25.0.1705.5
MinimumVisualStudioVersion = 10.0.40219.1
Project("{FAE04EC0-301F-11D3-BF4B-00C04F79EFBC}") = "Hotellift", "Hotellift\Hotellift.csproj", "{9F12A466-514E-4ECF-80C8-D5F12D765432}"
EndProject
Global
	GlobalSection(SolutionConfigurationPlatforms) = preSolution
		Debug|Any CPU = Debug|Any CPU
		Release|Any CPU = Release|Any CPU
	EndGlobalSection
	GlobalSection(ProjectConfigurationPlatforms) = postSolution
		{9F12A466-514E-4ECF-80C8-D5F12D765432}.Debug|Any CPU.ActiveCfg = Debug|Any CPU
		{9F12A466-514E-4ECF-80C8-D5F12D765432}.Debug|Any CPU.Build.0 = Debug|Any CPU
		{9F12A466-514E-4ECF-80C8-D5F12D765432}.Release|Any CPU.ActiveCfg = Release|Any CPU
		{9F12A466-514E-4ECF-80C8-D5F12D765432}.Release|Any CPU.Build.0 = Release|Any CPU
	EndGlobalSection
	GlobalSection(SolutionProperties) = preSolution
		HideSolutionNode = FALSE
	EndGlobalSection
	GlobalSection(ExtensibilityGlobals) = postSolution
		SolutionGuid = {CC86B4E2-17C2-44EC-B8A3-0AC50A4ADC7E}
	EndGlobalSection
EndGlobal
